// !$*UTF8*$!
{
	archiveVersion = 1;
	classes = {
	};
	objectVersion = 54;
	objects = {

/* Begin PBXBuildFile section */
		074517E2301032B58D19C48F /* SleepScoreDetailView.swift in Sources */ = {isa = PBXBuildFile; fileRef = 82F890D0D8EF54848AD9A92C /* SleepScoreDetailView.swift */; };
		0B8F91E1CEA892557CDF107D /* SleepScoreRing.swift in Sources */ = {isa = PBXBuildFile; fileRef = EC9602DCF97DB848E55CB99E /* SleepScoreRing.swift */; };
		0DCC2F1D79B9AD43D8C5E901 /* WeeklyReportView.swift in Sources */ = {isa = PBXBuildFile; fileRef = F70DC9B83A99DE62A4C7E512 /* WeeklyReportView.swift */; };
		0FA7FFE408C85D2C1B17FFA6 /* Assets.xcassets in Resources */ = {isa = PBXBuildFile; fileRef = F807D101A4DEE12019634849 /* Assets.xcassets */; };
		0FAB38F1A7613788826E8532 /* SQLite in Frameworks */ = {isa = PBXBuildFile; productRef = C60D3C3B61B73C1456CF689E /* SQLite */; };
		115B2066E0E834FB00D636E0 /* WithingsService.swift in Sources */ = {isa = PBXBuildFile; fileRef = 12E7C2F74D85738AA13CC2F5 /* WithingsService.swift */; };
		187186A071EE5DBD74852CCD /* Assets.xcassets in Resources */ = {isa = PBXBuildFile; fileRef = DB53D49C71B5C8E43B6451ED /* Assets.xcassets */; };
		1E31543793320085328EF5EF /* SleepInsight.swift in Sources */ = {isa = PBXBuildFile; fileRef = 7FEAE76CDFB4B43D230F250E /* SleepInsight.swift */; };
		238FB48AF96C022423A9FEDD /* PricingView.swift in Sources */ = {isa = PBXBuildFile; fileRef = 1B7C0567F2A6F6ED90797EC8 /* PricingView.swift */; };
		29868869682F6B6854B00E17 /* PrivacyInfo.xcprivacy in Resources */ = {isa = PBXBuildFile; fileRef = BFB96937F57C0BF989039212 /* PrivacyInfo.xcprivacy */; };
		2D1A0667406187CED0E01958 /* SleepDashboardView.swift in Sources */ = {isa = PBXBuildFile; fileRef = 02CAC288F06CCE279CF78ABE /* SleepDashboardView.swift */; };
		2E56A0BC9BDEE2A01A1CB3A8 /* Theme.swift in Sources */ = {isa = PBXBuildFile; fileRef = 8BF649C50FE27DA7F5D7CF8F /* Theme.swift */; };
		2FF177306D0ACD89B632099F /* SleepReportService.swift in Sources */ = {isa = PBXBuildFile; fileRef = A449CF83DCF9CC251705BD60 /* SleepReportService.swift */; };
		35C18F20EE49931D7B61CF44 /* SleepDebtView.swift in Sources */ = {isa = PBXBuildFile; fileRef = AFD233607CBEDA6B3BA61663 /* SleepDebtView.swift */; };
		36291A92C95865835A45F985 /* SettingsView.swift in Sources */ = {isa = PBXBuildFile; fileRef = 01A95998EE00CB87DD07C2BC /* SettingsView.swift */; };
		36714185CFCF9F604896E7F0 /* HealthKitService.swift in Sources */ = {isa = PBXBuildFile; fileRef = F4EEEDECF6C65F72755D5D45 /* HealthKitService.swift */; };
		39E2330E307F64B5A45D6716 /* WeeklyView.swift in Sources */ = {isa = PBXBuildFile; fileRef = 3320D6B5A66F6084B9199F89 /* WeeklyView.swift */; };
		3CEB73093EDF9F0EA05C43D1 /* FamilySyncService.swift in Sources */ = {isa = PBXBuildFile; fileRef = AF7C18E918AB20333FFFAA43 /* FamilySyncService.swift */; };
		3ECBEE821C66A7A6F0198541 /* SleepGoalsView.swift in Sources */ = {isa = PBXBuildFile; fileRef = BE7F2172BF01B3F2A17D4EB8 /* SleepGoalsView.swift */; };
		40CA5D0046F5EC8896AFDFF2 /* HealthKitService.swift in Sources */ = {isa = PBXBuildFile; fileRef = 7A4FDA92C97E7460BC0681E7 /* HealthKitService.swift */; };
		41A4672C1A2DFFFA40CE8FD6 /* SleepRecord.swift in Sources */ = {isa = PBXBuildFile; fileRef = DDDDBE6D05FC5B13AB73016D /* SleepRecord.swift */; };
		42C08E70CA6257A0BA521974 /* SleepPhase.swift in Sources */ = {isa = PBXBuildFile; fileRef = B354C0193A01B7D57A77BC08 /* SleepPhase.swift */; };
		4AD88E4A6D2F94B8D90D7B8C /* DriftR12R20Service.swift in Sources */ = {isa = PBXBuildFile; fileRef = 2D2F83C4613C14EB4535A676 /* DriftR12R20Service.swift */; };
		51829D0ABE64825750244E50 /* SleepSchedule.swift in Sources */ = {isa = PBXBuildFile; fileRef = 762C96F7E25634B40A01E639 /* SleepSchedule.swift */; };
		52AA6A4F4B2B303B94AB52AB /* RespiratoryCard.swift in Sources */ = {isa = PBXBuildFile; fileRef = 4F1DF8511F21C91BA96282B6 /* RespiratoryCard.swift */; };
		54B84B7E868E2757E61070EF /* SleepHistoryView.swift in Sources */ = {isa = PBXBuildFile; fileRef = 2030CF80AD1B65B8D29440D8 /* SleepHistoryView.swift */; };
		57DC51DA96AE70B4B47702A8 /* SleepCommunityView.swift in Sources */ = {isa = PBXBuildFile; fileRef = E7EC613A85F7B06A4C67D0D9 /* SleepCommunityView.swift */; };
		59C9B642207BC6AA8DDFA16A /* SettingsView.swift in Sources */ = {isa = PBXBuildFile; fileRef = 3558C8AE5D75F491AF56E229 /* SettingsView.swift */; };
		5C5D57A4457E3BC8550553C9 /* FamilyView.swift in Sources */ = {isa = PBXBuildFile; fileRef = B2421772A78BE8ABBEC35B77 /* FamilyView.swift */; };
		5E4336F9026D44561F18683A /* HomeView.swift in Sources */ = {isa = PBXBuildFile; fileRef = 71F182F680CF572F90E2AF48 /* HomeView.swift */; };
		60BF59F5902A94DFB7BBD3D9 /* FamilyMember.swift in Sources */ = {isa = PBXBuildFile; fileRef = 3541CF53EC0094A13EF42A31 /* FamilyMember.swift */; };
		6116D6BAF59B763C3D3FF220 /* Theme.swift in Sources */ = {isa = PBXBuildFile; fileRef = 7E8212DA6DDF662D7B428B97 /* Theme.swift */; };
		66CDEF15104D287789A061D5 /* FamilyService.swift in Sources */ = {isa = PBXBuildFile; fileRef = 2458D3DB0CC534630A931FE6 /* FamilyService.swift */; };
		66E61D7F32DF8CDDF95B0158 /* HRVCard.swift in Sources */ = {isa = PBXBuildFile; fileRef = 407D264C57BAA614D28EA4DF /* HRVCard.swift */; };
		6BF41472578A91237BB18527 /* Assets.xcassets in Resources */ = {isa = PBXBuildFile; fileRef = C901FBF84B8F511C5FD0807A /* Assets.xcassets */; };
		6D0A95960ED9528AA3BEB38D /* AIInsightService.swift in Sources */ = {isa = PBXBuildFile; fileRef = 07B2C652916FEC6A7A567ACD /* AIInsightService.swift */; };
		6E5376A2D250BE21B5BF5ADE /* HistoryView.swift in Sources */ = {isa = PBXBuildFile; fileRef = 4A2F953D4C4EA97BD2872A32 /* HistoryView.swift */; };
		700DD6A36875841F648C5288 /* SleepStagesBar.swift in Sources */ = {isa = PBXBuildFile; fileRef = 064DDBEFCB49FF611C91EA16 /* SleepStagesBar.swift */; };
		74CE8AF194C1C067F0ECE49E /* WeeklyReport.swift in Sources */ = {isa = PBXBuildFile; fileRef = 7ECE3F1BDF14E3E7C8551E6A /* WeeklyReport.swift */; };
		77FE91D877BCAE0892C79022 /* SleepStage.swift in Sources */ = {isa = PBXBuildFile; fileRef = 814E7C9DD9A7CAF4B6667657 /* SleepStage.swift */; };
		7D853763C3083AF1641F0287 /* OnboardingView.swift in Sources */ = {isa = PBXBuildFile; fileRef = 1CC5606E120922F6A17CB523 /* OnboardingView.swift */; };
		7F9C24B8970F2EF39BC99A38 /* MenuBarView.swift in Sources */ = {isa = PBXBuildFile; fileRef = 3E6B67C73BC40CBBE31253B5 /* MenuBarView.swift */; };
		81068B96CC247D11DCBB9FCB /* SmartWakeView.swift in Sources */ = {isa = PBXBuildFile; fileRef = 1B6CA0EE00375008F020C2EB /* SmartWakeView.swift */; };
		82E0A663A993CCD8F5C23F4B /* DatabaseService.swift in Sources */ = {isa = PBXBuildFile; fileRef = C11165945BD81B7D48FA8C44 /* DatabaseService.swift */; };
		85203CD5CC2DD620023B758A /* WeeklyReportService.swift in Sources */ = {isa = PBXBuildFile; fileRef = AB44B3A0A21A46931E7C7AEC /* WeeklyReportService.swift */; };
		8AB77F3460005CDBD0A57640 /* SleepExportService.swift in Sources */ = {isa = PBXBuildFile; fileRef = 4A1D60BA123A09098CC87380 /* SleepExportService.swift */; };
		8D89B5E0E484B4BB9C681C05 /* WatchContentView.swift in Sources */ = {isa = PBXBuildFile; fileRef = 88B218511AB4F1A3B144FEAE /* WatchContentView.swift */; };
		8F04A913021D375937865DC0 /* NotificationService.swift in Sources */ = {isa = PBXBuildFile; fileRef = A8A67E062A98CDF8D93049B5 /* NotificationService.swift */; };
		9473BE1A620966BB1422B53C /* SmartWakeService.swift in Sources */ = {isa = PBXBuildFile; fileRef = 9A6A75F65AB4A63129A0CFA0 /* SmartWakeService.swift */; };
		9970C4196A31D63E36F14C01 /* InsightCard.swift in Sources */ = {isa = PBXBuildFile; fileRef = DD39A3C118D723BDD144CFEB /* InsightCard.swift */; };
		9CE5318CFB8DD56F5B3148A3 /* ErrorStateView.swift in Sources */ = {isa = PBXBuildFile; fileRef = F098FA456347820D95C5EEDC /* ErrorStateView.swift */; };
		A06948946AE840A33EB97CC1 /* SmartWakeService.swift in Sources */ = {isa = PBXBuildFile; fileRef = 9103A7D6E8D2F430655635E1 /* SmartWakeService.swift */; };
		A299F8FE87211509DC7AA1BA /* DriftMacApp.swift in Sources */ = {isa = PBXBuildFile; fileRef = 5B226C519F9D8DEFBD02D70F /* DriftMacApp.swift */; };
		AA7A700913327435510AE507 /* SleepScheduleView.swift in Sources */ = {isa = PBXBuildFile; fileRef = 2DADD9F2CE863D19E83415A4 /* SleepScheduleView.swift */; };
		AC921DC57A274F4B06A2CC53 /* DeepSleepAnalysis.swift in Sources */ = {isa = PBXBuildFile; fileRef = 37A6E6A9EF605DBB8EF8C7C7 /* DeepSleepAnalysis.swift */; };
		AFD8B76FB33368C4AC6C7043 /* DriftWatchApp.swift in Sources */ = {isa = PBXBuildFile; fileRef = D5D97E53CF7EBF9C32E15678 /* DriftWatchApp.swift */; };
		B3195BF247D791C5ACB4D3F0 /* SleepScheduleService.swift in Sources */ = {isa = PBXBuildFile; fileRef = FDDC1189C2048110C7482A4D /* SleepScheduleService.swift */; };
		B5EA181376C055A27F085AC5 /* SleepQualityMeterView.swift in Sources */ = {isa = PBXBuildFile; fileRef = 6C9021B0FD9EBD6AE275B136 /* SleepQualityMeterView.swift */; };
		B7C800DB386E1CD39DA16A68 /* DriftApp.swift in Sources */ = {isa = PBXBuildFile; fileRef = 3655206C81AF14ABB877112D /* DriftApp.swift */; };
		BDCD4F8E2326EAF1D046D6D7 /* AppStore_en-US.txt in Resources */ = {isa = PBXBuildFile; fileRef = BF1EF9B01A4DDDC9DAD211E6 /* AppStore_en-US.txt */; };
		BE54B07DC940F06EE6E39173 /* SleepTrendsView.swift in Sources */ = {isa = PBXBuildFile; fileRef = 004A5C700D85F951230A6616 /* SleepTrendsView.swift */; };
		BF5BCD6E8F163CBD249D695F /* TrendsView.swift in Sources */ = {isa = PBXBuildFile; fileRef = B99E371898F02C71492560B6 /* TrendsView.swift */; };
		C866FBD9C92EF7B2E9D8FD13 /* OuraService.swift in Sources */ = {isa = PBXBuildFile; fileRef = FEF126C669AEA5ECA2859DDC /* OuraService.swift */; };
		D52B4E7A7BDADB404C2E76B8 /* AppStoreContent.swift in Sources */ = {isa = PBXBuildFile; fileRef = 74FF8F314CA04E3DB5A7A7A2 /* AppStoreContent.swift */; };
		D6378B6176EE9737AB2F207A /* ContentView.swift in Sources */ = {isa = PBXBuildFile; fileRef = 51F1AAF3C973934C2582327A /* ContentView.swift */; };
		D7EDA79E743D2E02B12468C4 /* IPadHomeView.swift in Sources */ = {isa = PBXBuildFile; fileRef = A8842580F494A65D410104AE /* IPadHomeView.swift */; };
		DC70217AD0ABA8DA41F685EC /* HealthExportService.swift in Sources */ = {isa = PBXBuildFile; fileRef = 07B19977ACAE13D097F92A88 /* HealthExportService.swift */; };
		E796A5C67C3901BEE10EC018 /* ContentView.swift in Sources */ = {isa = PBXBuildFile; fileRef = E471183C1E7621B2F3556452 /* ContentView.swift */; };
		E81935BD553F38C09D21578E /* SleepInsightsView.swift in Sources */ = {isa = PBXBuildFile; fileRef = 442E9CC2AA9F6C108919081C /* SleepInsightsView.swift */; };
		EA461A149CE8C537C738BF00 /* SQLite in Frameworks */ = {isa = PBXBuildFile; productRef = 1A169E20A2F2BB337064EF46 /* SQLite */; };
		F97F61D9FC4E08478159E902 /* DriftR12R20.swift in Sources */ = {isa = PBXBuildFile; fileRef = 8AEBA6C8A8CF74D201C979B8 /* DriftR12R20.swift */; };
/* End PBXBuildFile section */

/* Begin PBXFileReference section */
		004A5C700D85F951230A6616 /* SleepTrendsView.swift */ = {isa = PBXFileReference; lastKnownFileType = sourcecode.swift; path = SleepTrendsView.swift; sourceTree = "<group>"; };
		01A95998EE00CB87DD07C2BC /* SettingsView.swift */ = {isa = PBXFileReference; lastKnownFileType = sourcecode.swift; path = SettingsView.swift; sourceTree = "<group>"; };
		02CAC288F06CCE279CF78ABE /* SleepDashboardView.swift */ = {isa = PBXFileReference; lastKnownFileType = sourcecode.swift; path = SleepDashboardView.swift; sourceTree = "<group>"; };
		064DDBEFCB49FF611C91EA16 /* SleepStagesBar.swift */ = {isa = PBXFileReference; lastKnownFileType = sourcecode.swift; path = SleepStagesBar.swift; sourceTree = "<group>"; };
		07B19977ACAE13D097F92A88 /* HealthExportService.swift */ = {isa = PBXFileReference; lastKnownFileType = sourcecode.swift; path = HealthExportService.swift; sourceTree = "<group>"; };
		07B2C652916FEC6A7A567ACD /* AIInsightService.swift */ = {isa = PBXFileReference; lastKnownFileType = sourcecode.swift; path = AIInsightService.swift; sourceTree = "<group>"; };
		12E7C2F74D85738AA13CC2F5 /* WithingsService.swift */ = {isa = PBXFileReference; lastKnownFileType = sourcecode.swift; path = WithingsService.swift; sourceTree = "<group>"; };
		185A7E3991F0BE37BAB698CE /* Info.plist */ = {isa = PBXFileReference; lastKnownFileType = text.plist; path = Info.plist; sourceTree = "<group>"; };
		1B6CA0EE00375008F020C2EB /* SmartWakeView.swift */ = {isa = PBXFileReference; lastKnownFileType = sourcecode.swift; path = SmartWakeView.swift; sourceTree = "<group>"; };
		1B7C0567F2A6F6ED90797EC8 /* PricingView.swift */ = {isa = PBXFileReference; lastKnownFileType = sourcecode.swift; path = PricingView.swift; sourceTree = "<group>"; };
		1CC5606E120922F6A17CB523 /* OnboardingView.swift */ = {isa = PBXFileReference; lastKnownFileType = sourcecode.swift; path = OnboardingView.swift; sourceTree = "<group>"; };
		2030CF80AD1B65B8D29440D8 /* SleepHistoryView.swift */ = {isa = PBXFileReference; lastKnownFileType = sourcecode.swift; path = SleepHistoryView.swift; sourceTree = "<group>"; };
		2458D3DB0CC534630A931FE6 /* FamilyService.swift */ = {isa = PBXFileReference; lastKnownFileType = sourcecode.swift; path = FamilyService.swift; sourceTree = "<group>"; };
		2D2F83C4613C14EB4535A676 /* DriftR12R20Service.swift */ = {isa = PBXFileReference; lastKnownFileType = sourcecode.swift; path = DriftR12R20Service.swift; sourceTree = "<group>"; };
		2DADD9F2CE863D19E83415A4 /* SleepScheduleView.swift */ = {isa = PBXFileReference; lastKnownFileType = sourcecode.swift; path = SleepScheduleView.swift; sourceTree = "<group>"; };
		2F85D6B00DDB0034A3133787 /* DriftWatch.entitlements */ = {isa = PBXFileReference; lastKnownFileType = text.plist.entitlements; path = DriftWatch.entitlements; sourceTree = "<group>"; };
		308CEA5337E187E719E35090 /* Info.plist */ = {isa = PBXFileReference; lastKnownFileType = text.plist; path = Info.plist; sourceTree = "<group>"; };
		3320D6B5A66F6084B9199F89 /* WeeklyView.swift */ = {isa = PBXFileReference; lastKnownFileType = sourcecode.swift; path = WeeklyView.swift; sourceTree = "<group>"; };
		3541CF53EC0094A13EF42A31 /* FamilyMember.swift */ = {isa = PBXFileReference; lastKnownFileType = sourcecode.swift; path = FamilyMember.swift; sourceTree = "<group>"; };
		3558C8AE5D75F491AF56E229 /* SettingsView.swift */ = {isa = PBXFileReference; lastKnownFileType = sourcecode.swift; path = SettingsView.swift; sourceTree = "<group>"; };
		3655206C81AF14ABB877112D /* DriftApp.swift */ = {isa = PBXFileReference; lastKnownFileType = sourcecode.swift; path = DriftApp.swift; sourceTree = "<group>"; };
		37A6E6A9EF605DBB8EF8C7C7 /* DeepSleepAnalysis.swift */ = {isa = PBXFileReference; lastKnownFileType = sourcecode.swift; path = DeepSleepAnalysis.swift; sourceTree = "<group>"; };
		3E6B67C73BC40CBBE31253B5 /* MenuBarView.swift */ = {isa = PBXFileReference; lastKnownFileType = sourcecode.swift; path = MenuBarView.swift; sourceTree = "<group>"; };
		407D264C57BAA614D28EA4DF /* HRVCard.swift */ = {isa = PBXFileReference; lastKnownFileType = sourcecode.swift; path = HRVCard.swift; sourceTree = "<group>"; };
		442E9CC2AA9F6C108919081C /* SleepInsightsView.swift */ = {isa = PBXFileReference; lastKnownFileType = sourcecode.swift; path = SleepInsightsView.swift; sourceTree = "<group>"; };
		4A1D60BA123A09098CC87380 /* SleepExportService.swift */ = {isa = PBXFileReference; lastKnownFileType = sourcecode.swift; path = SleepExportService.swift; sourceTree = "<group>"; };
		4A2F953D4C4EA97BD2872A32 /* HistoryView.swift */ = {isa = PBXFileReference; lastKnownFileType = sourcecode.swift; path = HistoryView.swift; sourceTree = "<group>"; };
		4F1DF8511F21C91BA96282B6 /* RespiratoryCard.swift */ = {isa = PBXFileReference; lastKnownFileType = sourcecode.swift; path = RespiratoryCard.swift; sourceTree = "<group>"; };
		51F1AAF3C973934C2582327A /* ContentView.swift */ = {isa = PBXFileReference; lastKnownFileType = sourcecode.swift; path = ContentView.swift; sourceTree = "<group>"; };
		552F5AE6789DA294DDB91E8B /* Drift.app */ = {isa = PBXFileReference; includeInIndex = 0; lastKnownFileType = wrapper.application; path = Drift.app; sourceTree = BUILT_PRODUCTS_DIR; };
		5B226C519F9D8DEFBD02D70F /* DriftMacApp.swift */ = {isa = PBXFileReference; lastKnownFileType = sourcecode.swift; path = DriftMacApp.swift; sourceTree = "<group>"; };
		6C9021B0FD9EBD6AE275B136 /* SleepQualityMeterView.swift */ = {isa = PBXFileReference; lastKnownFileType = sourcecode.swift; path = SleepQualityMeterView.swift; sourceTree = "<group>"; };
		71F182F680CF572F90E2AF48 /* HomeView.swift */ = {isa = PBXFileReference; lastKnownFileType = sourcecode.swift; path = HomeView.swift; sourceTree = "<group>"; };
		74FF8F314CA04E3DB5A7A7A2 /* AppStoreContent.swift */ = {isa = PBXFileReference; lastKnownFileType = sourcecode.swift; path = AppStoreContent.swift; sourceTree = "<group>"; };
		762C96F7E25634B40A01E639 /* SleepSchedule.swift */ = {isa = PBXFileReference; lastKnownFileType = sourcecode.swift; path = SleepSchedule.swift; sourceTree = "<group>"; };
		76E10B6392D6F308FC0F4A38 /* Info.plist */ = {isa = PBXFileReference; lastKnownFileType = text.plist; path = Info.plist; sourceTree = "<group>"; };
		7A4FDA92C97E7460BC0681E7 /* HealthKitService.swift */ = {isa = PBXFileReference; lastKnownFileType = sourcecode.swift; path = HealthKitService.swift; sourceTree = "<group>"; };
		7E8212DA6DDF662D7B428B97 /* Theme.swift */ = {isa = PBXFileReference; lastKnownFileType = sourcecode.swift; path = Theme.swift; sourceTree = "<group>"; };
		7ECE3F1BDF14E3E7C8551E6A /* WeeklyReport.swift */ = {isa = PBXFileReference; lastKnownFileType = sourcecode.swift; path = WeeklyReport.swift; sourceTree = "<group>"; };
		7FEAE76CDFB4B43D230F250E /* SleepInsight.swift */ = {isa = PBXFileReference; lastKnownFileType = sourcecode.swift; path = SleepInsight.swift; sourceTree = "<group>"; };
		8004F6D56C092B13C2E68A2A /* DriftWatch.app */ = {isa = PBXFileReference; explicitFileType = wrapper.application; includeInIndex = 0; path = DriftWatch.app; sourceTree = BUILT_PRODUCTS_DIR; };
		814E7C9DD9A7CAF4B6667657 /* SleepStage.swift */ = {isa = PBXFileReference; lastKnownFileType = sourcecode.swift; path = SleepStage.swift; sourceTree = "<group>"; };
		82F890D0D8EF54848AD9A92C /* SleepScoreDetailView.swift */ = {isa = PBXFileReference; lastKnownFileType = sourcecode.swift; path = SleepScoreDetailView.swift; sourceTree = "<group>"; };
		88B218511AB4F1A3B144FEAE /* WatchContentView.swift */ = {isa = PBXFileReference; lastKnownFileType = sourcecode.swift; path = WatchContentView.swift; sourceTree = "<group>"; };
		8AEBA6C8A8CF74D201C979B8 /* DriftR12R20.swift */ = {isa = PBXFileReference; lastKnownFileType = sourcecode.swift; path = DriftR12R20.swift; sourceTree = "<group>"; };
		8BF649C50FE27DA7F5D7CF8F /* Theme.swift */ = {isa = PBXFileReference; lastKnownFileType = sourcecode.swift; path = Theme.swift; sourceTree = "<group>"; };
		9103A7D6E8D2F430655635E1 /* SmartWakeService.swift */ = {isa = PBXFileReference; lastKnownFileType = sourcecode.swift; path = SmartWakeService.swift; sourceTree = "<group>"; };
		979B8A986214D9C5E8977736 /* DriftMac.app */ = {isa = PBXFileReference; explicitFileType = wrapper.application; includeInIndex = 0; path = DriftMac.app; sourceTree = BUILT_PRODUCTS_DIR; };
		9A6A75F65AB4A63129A0CFA0 /* SmartWakeService.swift */ = {isa = PBXFileReference; lastKnownFileType = sourcecode.swift; path = SmartWakeService.swift; sourceTree = "<group>"; };
		A449CF83DCF9CC251705BD60 /* SleepReportService.swift */ = {isa = PBXFileReference; lastKnownFileType = sourcecode.swift; path = SleepReportService.swift; sourceTree = "<group>"; };
		A8842580F494A65D410104AE /* IPadHomeView.swift */ = {isa = PBXFileReference; lastKnownFileType = sourcecode.swift; path = IPadHomeView.swift; sourceTree = "<group>"; };
		A8A67E062A98CDF8D93049B5 /* NotificationService.swift */ = {isa = PBXFileReference; lastKnownFileType = sourcecode.swift; path = NotificationService.swift; sourceTree = "<group>"; };
		AB44B3A0A21A46931E7C7AEC /* WeeklyReportService.swift */ = {isa = PBXFileReference; lastKnownFileType = sourcecode.swift; path = WeeklyReportService.swift; sourceTree = "<group>"; };
		AF7C18E918AB20333FFFAA43 /* FamilySyncService.swift */ = {isa = PBXFileReference; lastKnownFileType = sourcecode.swift; path = FamilySyncService.swift; sourceTree = "<group>"; };
		AFD233607CBEDA6B3BA61663 /* SleepDebtView.swift */ = {isa = PBXFileReference; lastKnownFileType = sourcecode.swift; path = SleepDebtView.swift; sourceTree = "<group>"; };
		B2421772A78BE8ABBEC35B77 /* FamilyView.swift */ = {isa = PBXFileReference; lastKnownFileType = sourcecode.swift; path = FamilyView.swift; sourceTree = "<group>"; };
		B354C0193A01B7D57A77BC08 /* SleepPhase.swift */ = {isa = PBXFileReference; lastKnownFileType = sourcecode.swift; path = SleepPhase.swift; sourceTree = "<group>"; };
		B99E371898F02C71492560B6 /* TrendsView.swift */ = {isa = PBXFileReference; lastKnownFileType = sourcecode.swift; path = TrendsView.swift; sourceTree = "<group>"; };
		BE7F2172BF01B3F2A17D4EB8 /* SleepGoalsView.swift */ = {isa = PBXFileReference; lastKnownFileType = sourcecode.swift; path = SleepGoalsView.swift; sourceTree = "<group>"; };
		BF1EF9B01A4DDDC9DAD211E6 /* AppStore_en-US.txt */ = {isa = PBXFileReference; lastKnownFileType = text; path = "AppStore_en-US.txt"; sourceTree = "<group>"; };
		BFB96937F57C0BF989039212 /* PrivacyInfo.xcprivacy */ = {isa = PBXFileReference; path = PrivacyInfo.xcprivacy; sourceTree = "<group>"; };
		C11165945BD81B7D48FA8C44 /* DatabaseService.swift */ = {isa = PBXFileReference; lastKnownFileType = sourcecode.swift; path = DatabaseService.swift; sourceTree = "<group>"; };
		C901FBF84B8F511C5FD0807A /* Assets.xcassets */ = {isa = PBXFileReference; lastKnownFileType = folder.assetcatalog; path = Assets.xcassets; sourceTree = "<group>"; };
		D5D97E53CF7EBF9C32E15678 /* DriftWatchApp.swift */ = {isa = PBXFileReference; lastKnownFileType = sourcecode.swift; path = DriftWatchApp.swift; sourceTree = "<group>"; };
		DB53D49C71B5C8E43B6451ED /* Assets.xcassets */ = {isa = PBXFileReference; lastKnownFileType = folder.assetcatalog; path = Assets.xcassets; sourceTree = "<group>"; };
		DD39A3C118D723BDD144CFEB /* InsightCard.swift */ = {isa = PBXFileReference; lastKnownFileType = sourcecode.swift; path = InsightCard.swift; sourceTree = "<group>"; };
		DDDDBE6D05FC5B13AB73016D /* SleepRecord.swift */ = {isa = PBXFileReference; lastKnownFileType = sourcecode.swift; path = SleepRecord.swift; sourceTree = "<group>"; };
		DFDFBCBD7D307B76FD2918F2 /* DriftMac.entitlements */ = {isa = PBXFileReference; lastKnownFileType = text.plist.entitlements; path = DriftMac.entitlements; sourceTree = "<group>"; };
		E471183C1E7621B2F3556452 /* ContentView.swift */ = {isa = PBXFileReference; lastKnownFileType = sourcecode.swift; path = ContentView.swift; sourceTree = "<group>"; };
		E7EC613A85F7B06A4C67D0D9 /* SleepCommunityView.swift */ = {isa = PBXFileReference; lastKnownFileType = sourcecode.swift; path = SleepCommunityView.swift; sourceTree = "<group>"; };
		EC9602DCF97DB848E55CB99E /* SleepScoreRing.swift */ = {isa = PBXFileReference; lastKnownFileType = sourcecode.swift; path = SleepScoreRing.swift; sourceTree = "<group>"; };
		F098FA456347820D95C5EEDC /* ErrorStateView.swift */ = {isa = PBXFileReference; lastKnownFileType = sourcecode.swift; path = ErrorStateView.swift; sourceTree = "<group>"; };
		F4EEEDECF6C65F72755D5D45 /* HealthKitService.swift */ = {isa = PBXFileReference; lastKnownFileType = sourcecode.swift; path = HealthKitService.swift; sourceTree = "<group>"; };
		F70DC9B83A99DE62A4C7E512 /* WeeklyReportView.swift */ = {isa = PBXFileReference; lastKnownFileType = sourcecode.swift; path = WeeklyReportView.swift; sourceTree = "<group>"; };
		F807D101A4DEE12019634849 /* Assets.xcassets */ = {isa = PBXFileReference; lastKnownFileType = folder.assetcatalog; path = Assets.xcassets; sourceTree = "<group>"; };
		FBBFEBC6B17ED5D85544AF8E /* Drift.entitlements */ = {isa = PBXFileReference; lastKnownFileType = text.plist.entitlements; path = Drift.entitlements; sourceTree = "<group>"; };
		FDDC1189C2048110C7482A4D /* SleepScheduleService.swift */ = {isa = PBXFileReference; lastKnownFileType = sourcecode.swift; path = SleepScheduleService.swift; sourceTree = "<group>"; };
		FEF126C669AEA5ECA2859DDC /* OuraService.swift */ = {isa = PBXFileReference; lastKnownFileType = sourcecode.swift; path = OuraService.swift; sourceTree = "<group>"; };
/* End PBXFileReference section */

/* Begin PBXFrameworksBuildPhase section */
		188A35C15589F9B39A3AD2F7 /* Frameworks */ = {
			isa = PBXFrameworksBuildPhase;
			buildActionMask = 2147483647;
			files = (
				EA461A149CE8C537C738BF00 /* SQLite in Frameworks */,
			);
			runOnlyForDeploymentPostprocessing = 0;
		};
		3A0C62F6D80E21AB7596B0AE /* Frameworks */ = {
			isa = PBXFrameworksBuildPhase;
			buildActionMask = 2147483647;
			files = (
				0FAB38F1A7613788826E8532 /* SQLite in Frameworks */,
			);
			runOnlyForDeploymentPostprocessing = 0;
		};
/* End PBXFrameworksBuildPhase section */

/* Begin PBXGroup section */
		01E78E3B602AF77266D6C17B /* Services */ = {
			isa = PBXGroup;
			children = (
				AF7C18E918AB20333FFFAA43 /* FamilySyncService.swift */,
				7A4FDA92C97E7460BC0681E7 /* HealthKitService.swift */,
				A449CF83DCF9CC251705BD60 /* SleepReportService.swift */,
				9A6A75F65AB4A63129A0CFA0 /* SmartWakeService.swift */,
			);
			name = Services;
			path = DriftMac/Services;
			sourceTree = "<group>";
		};
		0EA67573775347F2DA7F1A99 /* Products */ = {
			isa = PBXGroup;
			children = (
				552F5AE6789DA294DDB91E8B /* Drift.app */,
				979B8A986214D9C5E8977736 /* DriftMac.app */,
				8004F6D56C092B13C2E68A2A /* DriftWatch.app */,
			);
			name = Products;
			sourceTree = "<group>";
		};
		1DCFB184D941DDFAE30E78F8 = {
			isa = PBXGroup;
			children = (
				3AD4B1502C63CCD22104EFE1 /* Resources */,
				A748F5E845F09C76A570580B /* Resources */,
				A26C32E3F93B6560F5997E3C /* Resources */,
				01E78E3B602AF77266D6C17B /* Services */,
				B6495617EF8C84B0E9FE27AF /* Sources */,
				1FD1E161834CE6E8AF7C6127 /* Sources */,
				37B557F606B47C74014BDBEA /* Sources */,
				0EA67573775347F2DA7F1A99 /* Products */,
			);
			sourceTree = "<group>";
		};
		1FD1E161834CE6E8AF7C6127 /* Sources */ = {
			isa = PBXGroup;
			children = (
				E471183C1E7621B2F3556452 /* ContentView.swift */,
				5B226C519F9D8DEFBD02D70F /* DriftMacApp.swift */,
				AFD233607CBEDA6B3BA61663 /* SleepDebtView.swift */,
				B354C0193A01B7D57A77BC08 /* SleepPhase.swift */,
				004A5C700D85F951230A6616 /* SleepTrendsView.swift */,
				8BF649C50FE27DA7F5D7CF8F /* Theme.swift */,
				BA103E4A0D567ECCA426C4FA /* Views */,
			);
			name = Sources;
			path = DriftMac/Sources;
			sourceTree = "<group>";
		};
		2827ED89339EA2CB790B02A8 /* Views */ = {
			isa = PBXGroup;
			children = (
				51F1AAF3C973934C2582327A /* ContentView.swift */,
				F098FA456347820D95C5EEDC /* ErrorStateView.swift */,
				B2421772A78BE8ABBEC35B77 /* FamilyView.swift */,
				4A2F953D4C4EA97BD2872A32 /* HistoryView.swift */,
				71F182F680CF572F90E2AF48 /* HomeView.swift */,
				407D264C57BAA614D28EA4DF /* HRVCard.swift */,
				DD39A3C118D723BDD144CFEB /* InsightCard.swift */,
				A8842580F494A65D410104AE /* IPadHomeView.swift */,
				1CC5606E120922F6A17CB523 /* OnboardingView.swift */,
				1B7C0567F2A6F6ED90797EC8 /* PricingView.swift */,
				4F1DF8511F21C91BA96282B6 /* RespiratoryCard.swift */,
				01A95998EE00CB87DD07C2BC /* SettingsView.swift */,
				E7EC613A85F7B06A4C67D0D9 /* SleepCommunityView.swift */,
				442E9CC2AA9F6C108919081C /* SleepInsightsView.swift */,
				6C9021B0FD9EBD6AE275B136 /* SleepQualityMeterView.swift */,
				2DADD9F2CE863D19E83415A4 /* SleepScheduleView.swift */,
				82F890D0D8EF54848AD9A92C /* SleepScoreDetailView.swift */,
				EC9602DCF97DB848E55CB99E /* SleepScoreRing.swift */,
				064DDBEFCB49FF611C91EA16 /* SleepStagesBar.swift */,
				1B6CA0EE00375008F020C2EB /* SmartWakeView.swift */,
				B99E371898F02C71492560B6 /* TrendsView.swift */,
				F70DC9B83A99DE62A4C7E512 /* WeeklyReportView.swift */,
				3320D6B5A66F6084B9199F89 /* WeeklyView.swift */,
			);
			path = Views;
			sourceTree = "<group>";
		};
		37B557F606B47C74014BDBEA /* Sources */ = {
			isa = PBXGroup;
			children = (
				D5D97E53CF7EBF9C32E15678 /* DriftWatchApp.swift */,
				88B218511AB4F1A3B144FEAE /* WatchContentView.swift */,
			);
			name = Sources;
			path = DriftWatch/Sources;
			sourceTree = "<group>";
		};
		3A5B9C61A13C7E7DD19B13D8 /* App */ = {
			isa = PBXGroup;
			children = (
				74FF8F314CA04E3DB5A7A7A2 /* AppStoreContent.swift */,
				3655206C81AF14ABB877112D /* DriftApp.swift */,
			);
			path = App;
			sourceTree = "<group>";
		};
		3AD4B1502C63CCD22104EFE1 /* Resources */ = {
			isa = PBXGroup;
			children = (
				F807D101A4DEE12019634849 /* Assets.xcassets */,
				FBBFEBC6B17ED5D85544AF8E /* Drift.entitlements */,
				185A7E3991F0BE37BAB698CE /* Info.plist */,
				BFB96937F57C0BF989039212 /* PrivacyInfo.xcprivacy */,
				DEA9022DD4A2DD8F6EE5A384 /* AppStore */,
			);
			name = Resources;
			path = Drift/Resources;
			sourceTree = "<group>";
		};
		79ED8B41BADAE32CFDC11719 /* Models */ = {
			isa = PBXGroup;
			children = (
				37A6E6A9EF605DBB8EF8C7C7 /* DeepSleepAnalysis.swift */,
				8AEBA6C8A8CF74D201C979B8 /* DriftR12R20.swift */,
				3541CF53EC0094A13EF42A31 /* FamilyMember.swift */,
				7FEAE76CDFB4B43D230F250E /* SleepInsight.swift */,
				DDDDBE6D05FC5B13AB73016D /* SleepRecord.swift */,
				762C96F7E25634B40A01E639 /* SleepSchedule.swift */,
				814E7C9DD9A7CAF4B6667657 /* SleepStage.swift */,
				7ECE3F1BDF14E3E7C8551E6A /* WeeklyReport.swift */,
			);
			path = Models;
			sourceTree = "<group>";
		};
		7B437C1885AF8B4ECE11193E /* Services */ = {
			isa = PBXGroup;
			children = (
				07B2C652916FEC6A7A567ACD /* AIInsightService.swift */,
				C11165945BD81B7D48FA8C44 /* DatabaseService.swift */,
				2D2F83C4613C14EB4535A676 /* DriftR12R20Service.swift */,
				2458D3DB0CC534630A931FE6 /* FamilyService.swift */,
				07B19977ACAE13D097F92A88 /* HealthExportService.swift */,
				F4EEEDECF6C65F72755D5D45 /* HealthKitService.swift */,
				A8A67E062A98CDF8D93049B5 /* NotificationService.swift */,
				FEF126C669AEA5ECA2859DDC /* OuraService.swift */,
				4A1D60BA123A09098CC87380 /* SleepExportService.swift */,
				FDDC1189C2048110C7482A4D /* SleepScheduleService.swift */,
				9103A7D6E8D2F430655635E1 /* SmartWakeService.swift */,
				AB44B3A0A21A46931E7C7AEC /* WeeklyReportService.swift */,
				12E7C2F74D85738AA13CC2F5 /* WithingsService.swift */,
			);
			path = Services;
			sourceTree = "<group>";
		};
		A26C32E3F93B6560F5997E3C /* Resources */ = {
			isa = PBXGroup;
			children = (
				C901FBF84B8F511C5FD0807A /* Assets.xcassets */,
				2F85D6B00DDB0034A3133787 /* DriftWatch.entitlements */,
				76E10B6392D6F308FC0F4A38 /* Info.plist */,
			);
			name = Resources;
			path = DriftWatch/Resources;
			sourceTree = "<group>";
		};
		A748F5E845F09C76A570580B /* Resources */ = {
			isa = PBXGroup;
			children = (
				DB53D49C71B5C8E43B6451ED /* Assets.xcassets */,
				DFDFBCBD7D307B76FD2918F2 /* DriftMac.entitlements */,
				308CEA5337E187E719E35090 /* Info.plist */,
			);
			name = Resources;
			path = DriftMac/Resources;
			sourceTree = "<group>";
		};
		B6495617EF8C84B0E9FE27AF /* Sources */ = {
			isa = PBXGroup;
			children = (
				3A5B9C61A13C7E7DD19B13D8 /* App */,
				79ED8B41BADAE32CFDC11719 /* Models */,
				7B437C1885AF8B4ECE11193E /* Services */,
				DD9BB4178273AE867A611256 /* Utils */,
				2827ED89339EA2CB790B02A8 /* Views */,
			);
			name = Sources;
			path = Drift/Sources;
			sourceTree = "<group>";
		};
		BA103E4A0D567ECCA426C4FA /* Views */ = {
			isa = PBXGroup;
			children = (
				3E6B67C73BC40CBBE31253B5 /* MenuBarView.swift */,
				3558C8AE5D75F491AF56E229 /* SettingsView.swift */,
				02CAC288F06CCE279CF78ABE /* SleepDashboardView.swift */,
				BE7F2172BF01B3F2A17D4EB8 /* SleepGoalsView.swift */,
				2030CF80AD1B65B8D29440D8 /* SleepHistoryView.swift */,
			);
			path = Views;
			sourceTree = "<group>";
		};
		DD9BB4178273AE867A611256 /* Utils */ = {
			isa = PBXGroup;
			children = (
				7E8212DA6DDF662D7B428B97 /* Theme.swift */,
			);
			path = Utils;
			sourceTree = "<group>";
		};
		DEA9022DD4A2DD8F6EE5A384 /* AppStore */ = {
			isa = PBXGroup;
			children = (
				BF1EF9B01A4DDDC9DAD211E6 /* AppStore_en-US.txt */,
			);
			path = AppStore;
			sourceTree = "<group>";
		};
/* End PBXGroup section */

/* Begin PBXNativeTarget section */
		14822A20A4034DFE8438897F /* DriftWatch */ = {
			isa = PBXNativeTarget;
			buildConfigurationList = A9C0D4D9CB2B8DADD8ADCE33 /* Build configuration list for PBXNativeTarget "DriftWatch" */;
			buildPhases = (
				161184FD3D0972684BFD65BA /* Sources */,
				A7F6EDADA8250DCCD3BF2AE7 /* Resources */,
			);
			buildRules = (
			);
			dependencies = (
			);
			name = DriftWatch;
			productName = DriftWatch;
			productReference = 8004F6D56C092B13C2E68A2A /* DriftWatch.app */;
			productType = "com.apple.product-type.application";
		};
		49F7DB477E33B8531AF37C8C /* DriftMac */ = {
			isa = PBXNativeTarget;
			buildConfigurationList = 52B4F9478D92E41FB9CEE705 /* Build configuration list for PBXNativeTarget "DriftMac" */;
			buildPhases = (
				3FE7E1AB0C40B41ED1BFABE4 /* Sources */,
				2C54EA5F31A9FFC1F8769EA7 /* Resources */,
				3A0C62F6D80E21AB7596B0AE /* Frameworks */,
			);
			buildRules = (
			);
			dependencies = (
			);
			name = DriftMac;
			packageProductDependencies = (
				C60D3C3B61B73C1456CF689E /* SQLite */,
			);
			productName = DriftMac;
			productReference = 979B8A986214D9C5E8977736 /* DriftMac.app */;
			productType = "com.apple.product-type.application";
		};
		CAEDCE34417A91D973F68377 /* Drift */ = {
			isa = PBXNativeTarget;
			buildConfigurationList = F406649AF13D92F90944A7F1 /* Build configuration list for PBXNativeTarget "Drift" */;
			buildPhases = (
				271ED68B29D0DA60F5E3CB98 /* Sources */,
				F72ECFB3C1B5BC2EFDA4A82C /* Resources */,
				188A35C15589F9B39A3AD2F7 /* Frameworks */,
			);
			buildRules = (
			);
			dependencies = (
			);
			name = Drift;
			packageProductDependencies = (
				1A169E20A2F2BB337064EF46 /* SQLite */,
			);
			productName = Drift;
			productReference = 552F5AE6789DA294DDB91E8B /* Drift.app */;
			productType = "com.apple.product-type.application";
		};
/* End PBXNativeTarget section */

/* Begin PBXProject section */
		C57AFFDCB18AE227A2FF2ECA /* Project object */ = {
			isa = PBXProject;
			attributes = {
				BuildIndependentTargetsInParallel = YES;
				LastUpgradeCheck = 1500;
				TargetAttributes = {
					14822A20A4034DFE8438897F = {
						DevelopmentTeam = "";
						ProvisioningStyle = Automatic;
					};
					49F7DB477E33B8531AF37C8C = {
						DevelopmentTeam = "";
						ProvisioningStyle = Automatic;
					};
					CAEDCE34417A91D973F68377 = {
						DevelopmentTeam = "";
						ProvisioningStyle = Automatic;
					};
				};
			};
			buildConfigurationList = 68F4AD629CB425B82407650A /* Build configuration list for PBXProject "Drift" */;
			compatibilityVersion = "Xcode 14.0";
			developmentRegion = en;
			hasScannedForEncodings = 0;
			knownRegions = (
				Base,
				en,
			);
			mainGroup = 1DCFB184D941DDFAE30E78F8;
			packageReferences = (
				71C0A8CD05AFA41D13D0BAF0 /* XCRemoteSwiftPackageReference "SQLite.swift" */,
			);
			projectDirPath = "";
			projectRoot = "";
			targets = (
				CAEDCE34417A91D973F68377 /* Drift */,
				49F7DB477E33B8531AF37C8C /* DriftMac */,
				14822A20A4034DFE8438897F /* DriftWatch */,
			);
		};
/* End PBXProject section */

/* Begin PBXResourcesBuildPhase section */
		2C54EA5F31A9FFC1F8769EA7 /* Resources */ = {
			isa = PBXResourcesBuildPhase;
			buildActionMask = 2147483647;
			files = (
				187186A071EE5DBD74852CCD /* Assets.xcassets in Resources */,
			);
			runOnlyForDeploymentPostprocessing = 0;
		};
		A7F6EDADA8250DCCD3BF2AE7 /* Resources */ = {
			isa = PBXResourcesBuildPhase;
			buildActionMask = 2147483647;
			files = (
				6BF41472578A91237BB18527 /* Assets.xcassets in Resources */,
			);
			runOnlyForDeploymentPostprocessing = 0;
		};
		F72ECFB3C1B5BC2EFDA4A82C /* Resources */ = {
			isa = PBXResourcesBuildPhase;
			buildActionMask = 2147483647;
			files = (
				BDCD4F8E2326EAF1D046D6D7 /* AppStore_en-US.txt in Resources */,
				0FA7FFE408C85D2C1B17FFA6 /* Assets.xcassets in Resources */,
				29868869682F6B6854B00E17 /* PrivacyInfo.xcprivacy in Resources */,
			);
			runOnlyForDeploymentPostprocessing = 0;
		};
/* End PBXResourcesBuildPhase section */

/* Begin PBXSourcesBuildPhase section */
		161184FD3D0972684BFD65BA /* Sources */ = {
			isa = PBXSourcesBuildPhase;
			buildActionMask = 2147483647;
			files = (
				AFD8B76FB33368C4AC6C7043 /* DriftWatchApp.swift in Sources */,
				8D89B5E0E484B4BB9C681C05 /* WatchContentView.swift in Sources */,
			);
			runOnlyForDeploymentPostprocessing = 0;
		};
		271ED68B29D0DA60F5E3CB98 /* Sources */ = {
			isa = PBXSourcesBuildPhase;
			buildActionMask = 2147483647;
			files = (
				6D0A95960ED9528AA3BEB38D /* AIInsightService.swift in Sources */,
				D52B4E7A7BDADB404C2E76B8 /* AppStoreContent.swift in Sources */,
				D6378B6176EE9737AB2F207A /* ContentView.swift in Sources */,
				82E0A663A993CCD8F5C23F4B /* DatabaseService.swift in Sources */,
				AC921DC57A274F4B06A2CC53 /* DeepSleepAnalysis.swift in Sources */,
				B7C800DB386E1CD39DA16A68 /* DriftApp.swift in Sources */,
				F97F61D9FC4E08478159E902 /* DriftR12R20.swift in Sources */,
				4AD88E4A6D2F94B8D90D7B8C /* DriftR12R20Service.swift in Sources */,
				9CE5318CFB8DD56F5B3148A3 /* ErrorStateView.swift in Sources */,
				60BF59F5902A94DFB7BBD3D9 /* FamilyMember.swift in Sources */,
				66CDEF15104D287789A061D5 /* FamilyService.swift in Sources */,
				5C5D57A4457E3BC8550553C9 /* FamilyView.swift in Sources */,
				66E61D7F32DF8CDDF95B0158 /* HRVCard.swift in Sources */,
				DC70217AD0ABA8DA41F685EC /* HealthExportService.swift in Sources */,
				36714185CFCF9F604896E7F0 /* HealthKitService.swift in Sources */,
				6E5376A2D250BE21B5BF5ADE /* HistoryView.swift in Sources */,
				5E4336F9026D44561F18683A /* HomeView.swift in Sources */,
				D7EDA79E743D2E02B12468C4 /* IPadHomeView.swift in Sources */,
				9970C4196A31D63E36F14C01 /* InsightCard.swift in Sources */,
				8F04A913021D375937865DC0 /* NotificationService.swift in Sources */,
				7D853763C3083AF1641F0287 /* OnboardingView.swift in Sources */,
				C866FBD9C92EF7B2E9D8FD13 /* OuraService.swift in Sources */,
				238FB48AF96C022423A9FEDD /* PricingView.swift in Sources */,
				52AA6A4F4B2B303B94AB52AB /* RespiratoryCard.swift in Sources */,
				36291A92C95865835A45F985 /* SettingsView.swift in Sources */,
				57DC51DA96AE70B4B47702A8 /* SleepCommunityView.swift in Sources */,
				8AB77F3460005CDBD0A57640 /* SleepExportService.swift in Sources */,
				1E31543793320085328EF5EF /* SleepInsight.swift in Sources */,
				E81935BD553F38C09D21578E /* SleepInsightsView.swift in Sources */,
				B5EA181376C055A27F085AC5 /* SleepQualityMeterView.swift in Sources */,
				41A4672C1A2DFFFA40CE8FD6 /* SleepRecord.swift in Sources */,
				51829D0ABE64825750244E50 /* SleepSchedule.swift in Sources */,
				B3195BF247D791C5ACB4D3F0 /* SleepScheduleService.swift in Sources */,
				AA7A700913327435510AE507 /* SleepScheduleView.swift in Sources */,
				074517E2301032B58D19C48F /* SleepScoreDetailView.swift in Sources */,
				0B8F91E1CEA892557CDF107D /* SleepScoreRing.swift in Sources */,
				77FE91D877BCAE0892C79022 /* SleepStage.swift in Sources */,
				700DD6A36875841F648C5288 /* SleepStagesBar.swift in Sources */,
				A06948946AE840A33EB97CC1 /* SmartWakeService.swift in Sources */,
				81068B96CC247D11DCBB9FCB /* SmartWakeView.swift in Sources */,
				6116D6BAF59B763C3D3FF220 /* Theme.swift in Sources */,
				BF5BCD6E8F163CBD249D695F /* TrendsView.swift in Sources */,
				74CE8AF194C1C067F0ECE49E /* WeeklyReport.swift in Sources */,
				85203CD5CC2DD620023B758A /* WeeklyReportService.swift in Sources */,
				0DCC2F1D79B9AD43D8C5E901 /* WeeklyReportView.swift in Sources */,
				39E2330E307F64B5A45D6716 /* WeeklyView.swift in Sources */,
				115B2066E0E834FB00D636E0 /* WithingsService.swift in Sources */,
			);
			runOnlyForDeploymentPostprocessing = 0;
		};
		3FE7E1AB0C40B41ED1BFABE4 /* Sources */ = {
			isa = PBXSourcesBuildPhase;
			buildActionMask = 2147483647;
			files = (
				E796A5C67C3901BEE10EC018 /* ContentView.swift in Sources */,
				A299F8FE87211509DC7AA1BA /* DriftMacApp.swift in Sources */,
				3CEB73093EDF9F0EA05C43D1 /* FamilySyncService.swift in Sources */,
				40CA5D0046F5EC8896AFDFF2 /* HealthKitService.swift in Sources */,
				7F9C24B8970F2EF39BC99A38 /* MenuBarView.swift in Sources */,
				59C9B642207BC6AA8DDFA16A /* SettingsView.swift in Sources */,
				2D1A0667406187CED0E01958 /* SleepDashboardView.swift in Sources */,
				35C18F20EE49931D7B61CF44 /* SleepDebtView.swift in Sources */,
				3ECBEE821C66A7A6F0198541 /* SleepGoalsView.swift in Sources */,
				54B84B7E868E2757E61070EF /* SleepHistoryView.swift in Sources */,
				42C08E70CA6257A0BA521974 /* SleepPhase.swift in Sources */,
				2FF177306D0ACD89B632099F /* SleepReportService.swift in Sources */,
				BE54B07DC940F06EE6E39173 /* SleepTrendsView.swift in Sources */,
				9473BE1A620966BB1422B53C /* SmartWakeService.swift in Sources */,
				2E56A0BC9BDEE2A01A1CB3A8 /* Theme.swift in Sources */,
			);
			runOnlyForDeploymentPostprocessing = 0;
		};
/* End PBXSourcesBuildPhase section */

/* Begin XCBuildConfiguration section */
		1C9B0CB149C7B02DC969D4FD /* Release */ = {
			isa = XCBuildConfiguration;
			buildSettings = {
				ALWAYS_SEARCH_USER_PATHS = NO;
				CLANG_ANALYZER_NONNULL = YES;
				CLANG_ANALYZER_NUMBER_OBJECT_CONVERSION = YES_AGGRESSIVE;
				CLANG_CXX_LANGUAGE_STANDARD = "gnu++14";
				CLANG_CXX_LIBRARY = "libc++";
				CLANG_ENABLE_MODULES = YES;
				CLANG_ENABLE_OBJC_ARC = YES;
				CLANG_ENABLE_OBJC_WEAK = YES;
				CLANG_WARN_BLOCK_CAPTURE_AUTORELEASING = YES;
				CLANG_WARN_BOOL_CONVERSION = YES;
				CLANG_WARN_COMMA = YES;
				CLANG_WARN_CONSTANT_CONVERSION = YES;
				CLANG_WARN_DEPRECATED_OBJC_IMPLEMENTATIONS = YES;
				CLANG_WARN_DIRECT_OBJC_ISA_USAGE = YES_ERROR;
				CLANG_WARN_DOCUMENTATION_COMMENTS = YES;
				CLANG_WARN_EMPTY_BODY = YES;
				CLANG_WARN_ENUM_CONVERSION = YES;
				CLANG_WARN_INFINITE_RECURSION = YES;
				CLANG_WARN_INT_CONVERSION = YES;
				CLANG_WARN_NON_LITERAL_NULL_CONVERSION = YES;
				CLANG_WARN_OBJC_IMPLICIT_RETAIN_SELF = YES;
				CLANG_WARN_OBJC_LITERAL_CONVERSION = YES;
				CLANG_WARN_OBJC_ROOT_CLASS = YES_ERROR;
				CLANG_WARN_QUOTED_INCLUDE_IN_FRAMEWORK_HEADER = YES;
				CLANG_WARN_RANGE_LOOP_ANALYSIS = YES;
				CLANG_WARN_STRICT_PROTOTYPES = YES;
				CLANG_WARN_SUSPICIOUS_MOVE = YES;
				CLANG_WARN_UNGUARDED_AVAILABILITY = YES_AGGRESSIVE;
				CLANG_WARN_UNREACHABLE_CODE = YES;
				CLANG_WARN__DUPLICATE_METHOD_MATCH = YES;
				CODE_SIGN_STYLE = Automatic;
				COPY_PHASE_STRIP = NO;
				CURRENT_PROJECT_VERSION = 1;
				DEBUG_INFORMATION_FORMAT = "dwarf-with-dsym";
				DEVELOPMENT_TEAM = "";
				ENABLE_NS_ASSERTIONS = NO;
				ENABLE_PREVIEWS = YES;
				ENABLE_STRICT_OBJC_MSGSEND = YES;
				GCC_C_LANGUAGE_STANDARD = gnu11;
				GCC_NO_COMMON_BLOCKS = YES;
				GCC_WARN_64_TO_32_BIT_CONVERSION = YES;
				GCC_WARN_ABOUT_RETURN_TYPE = YES_ERROR;
				GCC_WARN_UNDECLARED_SELECTOR = YES;
				GCC_WARN_UNINITIALIZED_AUTOS = YES_AGGRESSIVE;
				GCC_WARN_UNUSED_FUNCTION = YES;
				GCC_WARN_UNUSED_VARIABLE = YES;
				IPHONEOS_DEPLOYMENT_TARGET = 26.0;
				MARKETING_VERSION = 1.0.0;
				MTL_ENABLE_DEBUG_INFO = NO;
				MTL_FAST_MATH = YES;
				PRODUCT_NAME = "$(TARGET_NAME)";
				SWIFT_COMPILATION_MODE = wholemodule;
				SWIFT_OPTIMIZATION_LEVEL = "-O";
				SWIFT_VERSION = 6.0;
				TARGETED_DEVICE_FAMILY = "1,2";
				WATCHOS_DEPLOYMENT_TARGET = 10.0;
			};
			name = Release;
		};
		40B8B70FC1C7F27266092684 /* Release */ = {
			isa = XCBuildConfiguration;
			buildSettings = {
				ASSETCATALOG_COMPILER_APPICON_NAME = AppIcon;
				CODE_SIGN_ENTITLEMENTS = DriftWatch/Resources/DriftWatch.entitlements;
				INFOPLIST_FILE = DriftWatch/Resources/Info.plist;
				PRODUCT_BUNDLE_IDENTIFIER = com.drift.app.watchkitapp;
				SDKROOT = watchos;
				SKIP_INSTALL = YES;
				TARGETED_DEVICE_FAMILY = 4;
				WATCHOS_DEPLOYMENT_TARGET = 10.0;
			};
			name = Release;
		};
		6A88B77C7AF8257A7A81F0C8 /* Debug */ = {
			isa = XCBuildConfiguration;
			buildSettings = {
				ASSETCATALOG_COMPILER_APPICON_NAME = AppIcon;
				CODE_SIGNING_ALLOWED = NO;
				CODE_SIGNING_REQUIRED = NO;
				CODE_SIGN_ENTITLEMENTS = DriftMac/Resources/DriftMac.entitlements;
				CODE_SIGN_IDENTITY = "";
				COMBINE_HIDPI_IMAGES = YES;
				CURRENT_PROJECT_VERSION = 1;
				DEVELOPMENT_TEAM = "";
				ENABLE_HARDENED_RUNTIME = NO;
				INFOPLIST_FILE = DriftMac/Resources/Info.plist;
				LD_RUNPATH_SEARCH_PATHS = (
					"$(inherited)",
					"@executable_path/../Frameworks",
				);
				MACOSX_DEPLOYMENT_TARGET = 15.0;
				MARKETING_VERSION = 1.0.0;
				PRODUCT_BUNDLE_IDENTIFIER = com.drift.app.macos;
				SDKROOT = macosx;
				SWIFT_VERSION = 6.0;
				TARGETED_DEVICE_FAMILY = 2;
			};
			name = Debug;
		};
		7C190047C04497DC44F492BC /* Release */ = {
			isa = XCBuildConfiguration;
			buildSettings = {
				ASSETCATALOG_COMPILER_APPICON_NAME = AppIcon;
				CODE_SIGN_ENTITLEMENTS = Drift/Resources/Drift.entitlements;
				CODE_SIGN_IDENTITY = "iPhone Developer";
				INFOPLIST_FILE = Drift/Resources/Info.plist;
				LD_RUNPATH_SEARCH_PATHS = (
					"$(inherited)",
					"@executable_path/Frameworks",
				);
				PRODUCT_BUNDLE_IDENTIFIER = com.drift.app;
				SDKROOT = iphoneos;
				TARGETED_DEVICE_FAMILY = "1,2";
			};
			name = Release;
		};
		8A576EDE831B325124C1C562 /* Release */ = {
			isa = XCBuildConfiguration;
			buildSettings = {
				ASSETCATALOG_COMPILER_APPICON_NAME = AppIcon;
				CODE_SIGNING_ALLOWED = NO;
				CODE_SIGNING_REQUIRED = NO;
				CODE_SIGN_ENTITLEMENTS = DriftMac/Resources/DriftMac.entitlements;
				CODE_SIGN_IDENTITY = "";
				COMBINE_HIDPI_IMAGES = YES;
				CURRENT_PROJECT_VERSION = 1;
				DEVELOPMENT_TEAM = "";
				ENABLE_HARDENED_RUNTIME = NO;
				INFOPLIST_FILE = DriftMac/Resources/Info.plist;
				LD_RUNPATH_SEARCH_PATHS = (
					"$(inherited)",
					"@executable_path/../Frameworks",
				);
				MACOSX_DEPLOYMENT_TARGET = 15.0;
				MARKETING_VERSION = 1.0.0;
				PRODUCT_BUNDLE_IDENTIFIER = com.drift.app.macos;
				SDKROOT = macosx;
				SWIFT_VERSION = 6.0;
				TARGETED_DEVICE_FAMILY = 2;
			};
			name = Release;
		};
		C53DDB6197F8AACC7218A0F3 /* Debug */ = {
			isa = XCBuildConfiguration;
			buildSettings = {
				ASSETCATALOG_COMPILER_APPICON_NAME = AppIcon;
				CODE_SIGN_ENTITLEMENTS = DriftWatch/Resources/DriftWatch.entitlements;
				INFOPLIST_FILE = DriftWatch/Resources/Info.plist;
				PRODUCT_BUNDLE_IDENTIFIER = com.drift.app.watchkitapp;
				SDKROOT = watchos;
				SKIP_INSTALL = YES;
				TARGETED_DEVICE_FAMILY = 4;
				WATCHOS_DEPLOYMENT_TARGET = 10.0;
			};
			name = Debug;
		};
		D2C48B12CC940FCA05A8E07F /* Debug */ = {
			isa = XCBuildConfiguration;
			buildSettings = {
				ALWAYS_SEARCH_USER_PATHS = NO;
				CLANG_ANALYZER_NONNULL = YES;
				CLANG_ANALYZER_NUMBER_OBJECT_CONVERSION = YES_AGGRESSIVE;
				CLANG_CXX_LANGUAGE_STANDARD = "gnu++14";
				CLANG_CXX_LIBRARY = "libc++";
				CLANG_ENABLE_MODULES = YES;
				CLANG_ENABLE_OBJC_ARC = YES;
				CLANG_ENABLE_OBJC_WEAK = YES;
				CLANG_WARN_BLOCK_CAPTURE_AUTORELEASING = YES;
				CLANG_WARN_BOOL_CONVERSION = YES;
				CLANG_WARN_COMMA = YES;
				CLANG_WARN_CONSTANT_CONVERSION = YES;
				CLANG_WARN_DEPRECATED_OBJC_IMPLEMENTATIONS = YES;
				CLANG_WARN_DIRECT_OBJC_ISA_USAGE = YES_ERROR;
				CLANG_WARN_DOCUMENTATION_COMMENTS = YES;
				CLANG_WARN_EMPTY_BODY = YES;
				CLANG_WARN_ENUM_CONVERSION = YES;
				CLANG_WARN_INFINITE_RECURSION = YES;
				CLANG_WARN_INT_CONVERSION = YES;
				CLANG_WARN_NON_LITERAL_NULL_CONVERSION = YES;
				CLANG_WARN_OBJC_IMPLICIT_RETAIN_SELF = YES;
				CLANG_WARN_OBJC_LITERAL_CONVERSION = YES;
				CLANG_WARN_OBJC_ROOT_CLASS = YES_ERROR;
				CLANG_WARN_QUOTED_INCLUDE_IN_FRAMEWORK_HEADER = YES;
				CLANG_WARN_RANGE_LOOP_ANALYSIS = YES;
				CLANG_WARN_STRICT_PROTOTYPES = YES;
				CLANG_WARN_SUSPICIOUS_MOVE = YES;
				CLANG_WARN_UNGUARDED_AVAILABILITY = YES_AGGRESSIVE;
				CLANG_WARN_UNREACHABLE_CODE = YES;
				CLANG_WARN__DUPLICATE_METHOD_MATCH = YES;
				CODE_SIGN_STYLE = Automatic;
				COPY_PHASE_STRIP = NO;
				CURRENT_PROJECT_VERSION = 1;
				DEBUG_INFORMATION_FORMAT = dwarf;
				DEVELOPMENT_TEAM = "";
				ENABLE_PREVIEWS = YES;
				ENABLE_STRICT_OBJC_MSGSEND = YES;
				ENABLE_TESTABILITY = YES;
				GCC_C_LANGUAGE_STANDARD = gnu11;
				GCC_DYNAMIC_NO_PIC = NO;
				GCC_NO_COMMON_BLOCKS = YES;
				GCC_OPTIMIZATION_LEVEL = 0;
				GCC_PREPROCESSOR_DEFINITIONS = (
					"$(inherited)",
					"DEBUG=1",
				);
				GCC_WARN_64_TO_32_BIT_CONVERSION = YES;
				GCC_WARN_ABOUT_RETURN_TYPE = YES_ERROR;
				GCC_WARN_UNDECLARED_SELECTOR = YES;
				GCC_WARN_UNINITIALIZED_AUTOS = YES_AGGRESSIVE;
				GCC_WARN_UNUSED_FUNCTION = YES;
				GCC_WARN_UNUSED_VARIABLE = YES;
				IPHONEOS_DEPLOYMENT_TARGET = 26.0;
				MARKETING_VERSION = 1.0.0;
				MTL_ENABLE_DEBUG_INFO = INCLUDE_SOURCE;
				MTL_FAST_MATH = YES;
				ONLY_ACTIVE_ARCH = YES;
				PRODUCT_NAME = "$(TARGET_NAME)";
				SWIFT_ACTIVE_COMPILATION_CONDITIONS = DEBUG;
				SWIFT_OPTIMIZATION_LEVEL = "-Onone";
				SWIFT_VERSION = 6.0;
				TARGETED_DEVICE_FAMILY = "1,2";
				WATCHOS_DEPLOYMENT_TARGET = 10.0;
			};
			name = Debug;
		};
		D912882FFA52AB5EEF2B7B2D /* Debug */ = {
			isa = XCBuildConfiguration;
			buildSettings = {
				ASSETCATALOG_COMPILER_APPICON_NAME = AppIcon;
				CODE_SIGN_ENTITLEMENTS = Drift/Resources/Drift.entitlements;
				CODE_SIGN_IDENTITY = "iPhone Developer";
				INFOPLIST_FILE = Drift/Resources/Info.plist;
				LD_RUNPATH_SEARCH_PATHS = (
					"$(inherited)",
					"@executable_path/Frameworks",
				);
				PRODUCT_BUNDLE_IDENTIFIER = com.drift.app;
				SDKROOT = iphoneos;
				TARGETED_DEVICE_FAMILY = "1,2";
			};
			name = Debug;
		};
/* End XCBuildConfiguration section */

/* Begin XCConfigurationList section */
		52B4F9478D92E41FB9CEE705 /* Build configuration list for PBXNativeTarget "DriftMac" */ = {
			isa = XCConfigurationList;
			buildConfigurations = (
				6A88B77C7AF8257A7A81F0C8 /* Debug */,
				8A576EDE831B325124C1C562 /* Release */,
			);
			defaultConfigurationIsVisible = 0;
			defaultConfigurationName = Debug;
		};
		68F4AD629CB425B82407650A /* Build configuration list for PBXProject "Drift" */ = {
			isa = XCConfigurationList;
			buildConfigurations = (
				D2C48B12CC940FCA05A8E07F /* Debug */,
				1C9B0CB149C7B02DC969D4FD /* Release */,
			);
			defaultConfigurationIsVisible = 0;
			defaultConfigurationName = Debug;
		};
		A9C0D4D9CB2B8DADD8ADCE33 /* Build configuration list for PBXNativeTarget "DriftWatch" */ = {
			isa = XCConfigurationList;
			buildConfigurations = (
				C53DDB6197F8AACC7218A0F3 /* Debug */,
				40B8B70FC1C7F27266092684 /* Release */,
			);
			defaultConfigurationIsVisible = 0;
			defaultConfigurationName = Debug;
		};
		F406649AF13D92F90944A7F1 /* Build configuration list for PBXNativeTarget "Drift" */ = {
			isa = XCConfigurationList;
			buildConfigurations = (
				D912882FFA52AB5EEF2B7B2D /* Debug */,
				7C190047C04497DC44F492BC /* Release */,
			);
			defaultConfigurationIsVisible = 0;
			defaultConfigurationName = Debug;
		};
/* End XCConfigurationList section */

/* Begin XCRemoteSwiftPackageReference section */
		71C0A8CD05AFA41D13D0BAF0 /* XCRemoteSwiftPackageReference "SQLite.swift" */ = {
			isa = XCRemoteSwiftPackageReference;
			repositoryURL = "https://github.com/stephencelis/SQLite.swift";
			requirement = {
				kind = exactVersion;
				version = 0.15.3;
			};
		};
/* End XCRemoteSwiftPackageReference section */

/* Begin XCSwiftPackageProductDependency section */
		1A169E20A2F2BB337064EF46 /* SQLite */ = {
			isa = XCSwiftPackageProductDependency;
			package = 71C0A8CD05AFA41D13D0BAF0 /* XCRemoteSwiftPackageReference "SQLite.swift" */;
			productName = SQLite;
		};
		C60D3C3B61B73C1456CF689E /* SQLite */ = {
			isa = XCSwiftPackageProductDependency;
			package = 71C0A8CD05AFA41D13D0BAF0 /* XCRemoteSwiftPackageReference "SQLite.swift" */;
			productName = SQLite;
		};
/* End XCSwiftPackageProductDependency section */
	};
	rootObject = C57AFFDCB18AE227A2FF2ECA /* Project object */;
}
